
Microsoft Visual Studio Solution File, Format Version 12.00
# Visual Studio Version 16
VisualStudioVersion = 16.0.29418.71
MinimumVisualStudioVersion = 10.0.40219.1
Project("{8BC9CEB8-8B4A-11D0-8D11-00A0C91BC942}") = "Question2", "Question2.vcxproj", "{31867EB5-7CFD-48BA-99A6-6B1DFA0C6CEC}"
EndProject
Global
	GlobalSection(SolutionConfigurationPlatforms) = preSolution
		Debug|x64 = Debug|x64
		Debug|x86 = Debug|x86
		Release|x64 = Release|x64
		Release|x86 = Release|x86
	EndGlobalSection
	GlobalSection(ProjectConfigurationPlatforms) = postSolution
		{31867EB5-7CFD-48BA-99A6-6B1DFA0C6CEC}.Debug|x64.ActiveCfg = Debug|x64
		{31867EB5-7CFD-48BA-99A6-6B1DFA0C6CEC}.Debug|x64.Build.0 = Debug|x64
		{31867EB5-7CFD-48BA-99A6-6B1DFA0C6CEC}.Debug|x86.ActiveCfg = Debug|Win32
		{31867EB5-7CFD-48BA-99A6-6B1DFA0C6CEC}.Debug|x86.Build.0 = Debug|Win32
		{31867EB5-7CFD-48BA-99A6-6B1DFA0C6CEC}.Release|x64.ActiveCfg = Release|x64
		{31867EB5-7CFD-48BA-99A6-6B1DFA0C6CEC}.Release|x64.Build.0 = Release|x64
		{31867EB5-7CFD-48BA-99A6-6B1DFA0C6CEC}.Release|x86.ActiveCfg = Release|Win32
		{31867EB5-7CFD-48BA-99A6-6B1DFA0C6CEC}.Release|x86.Build.0 = Release|Win32
	EndGlobalSection
	GlobalSection(SolutionProperties) = preSolution
		HideSolutionNode = FALSE
	EndGlobalSection
	GlobalSection(ExtensibilityGlobals) = postSolution
		SolutionGuid = {1A8500F2-4E59-4768-A5FE-1C32E82F1FA8}
	EndGlobalSection
EndGlobal
