
Microsoft Visual Studio Solution File, Format Version 12.00
# Visual Studio Version 16
VisualStudioVersion = 16.0.29519.87
MinimumVisualStudioVersion = 10.0.40219.1
Project("{8BC9CEB8-8B4A-11D0-8D11-00A0C91BC942}") = "xiaoyuandaohang", "xiaoyuandaohang.vcxproj", "{7E0D6947-088B-4901-BA1D-5F846870E079}"
EndProject
Global
	GlobalSection(SolutionConfigurationPlatforms) = preSolution
		Debug|x64 = Debug|x64
		Debug|x86 = Debug|x86
		Release|x64 = Release|x64
		Release|x86 = Release|x86
	EndGlobalSection
	GlobalSection(ProjectConfigurationPlatforms) = postSolution
		{7E0D6947-088B-4901-BA1D-5F846870E079}.Debug|x64.ActiveCfg = Debug|x64
		{7E0D6947-088B-4901-BA1D-5F846870E079}.Debug|x64.Build.0 = Debug|x64
		{7E0D6947-088B-4901-BA1D-5F846870E079}.Debug|x86.ActiveCfg = Debug|Win32
		{7E0D6947-088B-4901-BA1D-5F846870E079}.Debug|x86.Build.0 = Debug|Win32
		{7E0D6947-088B-4901-BA1D-5F846870E079}.Release|x64.ActiveCfg = Release|x64
		{7E0D6947-088B-4901-BA1D-5F846870E079}.Release|x64.Build.0 = Release|x64
		{7E0D6947-088B-4901-BA1D-5F846870E079}.Release|x86.ActiveCfg = Release|Win32
		{7E0D6947-088B-4901-BA1D-5F846870E079}.Release|x86.Build.0 = Release|Win32
	EndGlobalSection
	GlobalSection(SolutionProperties) = preSolution
		HideSolutionNode = FALSE
	EndGlobalSection
	GlobalSection(ExtensibilityGlobals) = postSolution
		SolutionGuid = {84B0723A-2ABD-4C3C-A2FD-838F0EE6AEDE}
	EndGlobalSection
EndGlobal
