
Microsoft Visual Studio Solution File, Format Version 12.00
# Visual Studio Version 16
VisualStudioVersion = 16.0.30002.166
MinimumVisualStudioVersion = 10.0.40219.1
Project("{8BC9CEB8-8B4A-11D0-8D11-00A0C91BC942}") = "shuzisanjiaoxing", "shuzisanjiaoxing.vcxproj", "{C40CD803-C81B-42A4-84BF-32705ACEADA7}"
EndProject
Global
	GlobalSection(SolutionConfigurationPlatforms) = preSolution
		Debug|x64 = Debug|x64
		Debug|x86 = Debug|x86
		Release|x64 = Release|x64
		Release|x86 = Release|x86
	EndGlobalSection
	GlobalSection(ProjectConfigurationPlatforms) = postSolution
		{C40CD803-C81B-42A4-84BF-32705ACEADA7}.Debug|x64.ActiveCfg = Debug|x64
		{C40CD803-C81B-42A4-84BF-32705ACEADA7}.Debug|x64.Build.0 = Debug|x64
		{C40CD803-C81B-42A4-84BF-32705ACEADA7}.Debug|x86.ActiveCfg = Debug|Win32
		{C40CD803-C81B-42A4-84BF-32705ACEADA7}.Debug|x86.Build.0 = Debug|Win32
		{C40CD803-C81B-42A4-84BF-32705ACEADA7}.Release|x64.ActiveCfg = Release|x64
		{C40CD803-C81B-42A4-84BF-32705ACEADA7}.Release|x64.Build.0 = Release|x64
		{C40CD803-C81B-42A4-84BF-32705ACEADA7}.Release|x86.ActiveCfg = Release|Win32
		{C40CD803-C81B-42A4-84BF-32705ACEADA7}.Release|x86.Build.0 = Release|Win32
	EndGlobalSection
	GlobalSection(SolutionProperties) = preSolution
		HideSolutionNode = FALSE
	EndGlobalSection
	GlobalSection(ExtensibilityGlobals) = postSolution
		SolutionGuid = {8DE9A6BB-AA25-435B-A4D8-59D9B083F5DE}
	EndGlobalSection
EndGlobal
