
Microsoft Visual Studio Solution File, Format Version 12.00
# Visual Studio Version 16
VisualStudioVersion = 16.0.29418.71
MinimumVisualStudioVersion = 10.0.40219.1
Project("{8BC9CEB8-8B4A-11D0-8D11-00A0C91BC942}") = "AreaCal", "AreaCal.vcxproj", "{DAA089C4-38E0-4298-89AB-CF2C7F3E016F}"
EndProject
Global
	GlobalSection(SolutionConfigurationPlatforms) = preSolution
		Debug|x64 = Debug|x64
		Debug|x86 = Debug|x86
		Release|x64 = Release|x64
		Release|x86 = Release|x86
	EndGlobalSection
	GlobalSection(ProjectConfigurationPlatforms) = postSolution
		{DAA089C4-38E0-4298-89AB-CF2C7F3E016F}.Debug|x64.ActiveCfg = Debug|x64
		{DAA089C4-38E0-4298-89AB-CF2C7F3E016F}.Debug|x64.Build.0 = Debug|x64
		{DAA089C4-38E0-4298-89AB-CF2C7F3E016F}.Debug|x86.ActiveCfg = Debug|Win32
		{DAA089C4-38E0-4298-89AB-CF2C7F3E016F}.Debug|x86.Build.0 = Debug|Win32
		{DAA089C4-38E0-4298-89AB-CF2C7F3E016F}.Release|x64.ActiveCfg = Release|x64
		{DAA089C4-38E0-4298-89AB-CF2C7F3E016F}.Release|x64.Build.0 = Release|x64
		{DAA089C4-38E0-4298-89AB-CF2C7F3E016F}.Release|x86.ActiveCfg = Release|Win32
		{DAA089C4-38E0-4298-89AB-CF2C7F3E016F}.Release|x86.Build.0 = Release|Win32
	EndGlobalSection
	GlobalSection(SolutionProperties) = preSolution
		HideSolutionNode = FALSE
	EndGlobalSection
	GlobalSection(ExtensibilityGlobals) = postSolution
		SolutionGuid = {4A04ABAA-5B3A-426D-835C-1B1CA0B01ABF}
	EndGlobalSection
EndGlobal
