
Microsoft Visual Studio Solution File, Format Version 12.00
# Visual Studio Version 16
VisualStudioVersion = 16.0.29418.71
MinimumVisualStudioVersion = 10.0.40219.1
Project("{8BC9CEB8-8B4A-11D0-8D11-00A0C91BC942}") = "Rectangle23", "Rectangle23.vcxproj", "{469A4814-878E-431E-AA48-4FC7D55444B6}"
EndProject
Global
	GlobalSection(SolutionConfigurationPlatforms) = preSolution
		Debug|x64 = Debug|x64
		Debug|x86 = Debug|x86
		Release|x64 = Release|x64
		Release|x86 = Release|x86
	EndGlobalSection
	GlobalSection(ProjectConfigurationPlatforms) = postSolution
		{469A4814-878E-431E-AA48-4FC7D55444B6}.Debug|x64.ActiveCfg = Debug|x64
		{469A4814-878E-431E-AA48-4FC7D55444B6}.Debug|x64.Build.0 = Debug|x64
		{469A4814-878E-431E-AA48-4FC7D55444B6}.Debug|x86.ActiveCfg = Debug|Win32
		{469A4814-878E-431E-AA48-4FC7D55444B6}.Debug|x86.Build.0 = Debug|Win32
		{469A4814-878E-431E-AA48-4FC7D55444B6}.Release|x64.ActiveCfg = Release|x64
		{469A4814-878E-431E-AA48-4FC7D55444B6}.Release|x64.Build.0 = Release|x64
		{469A4814-878E-431E-AA48-4FC7D55444B6}.Release|x86.ActiveCfg = Release|Win32
		{469A4814-878E-431E-AA48-4FC7D55444B6}.Release|x86.Build.0 = Release|Win32
	EndGlobalSection
	GlobalSection(SolutionProperties) = preSolution
		HideSolutionNode = FALSE
	EndGlobalSection
	GlobalSection(ExtensibilityGlobals) = postSolution
		SolutionGuid = {352D5296-8264-476B-9416-EDF3F2F8E977}
	EndGlobalSection
EndGlobal
